
Microsoft Visual Studio Solution File, Format Version 12.00
# Visual Studio Version 16
VisualStudioVersion = 16.0.30503.244
MinimumVisualStudioVersion = 10.0.40219.1
Project("{FAE04EC0-301F-11D3-BF4B-00C04F79EFBC}") = "Injectify", "Injectify\Injectify.csproj", "{DA6A4FC1-6205-4304-8E93-810161BE8E68}"
EndProject
Global
	GlobalSection(SolutionConfigurationPlatforms) = preSolution
		Debug|Any CPU = Debug|Any CPU
		Release|Any CPU = Release|Any CPU
	EndGlobalSection
	GlobalSection(ProjectConfigurationPlatforms) = postSolution
		{DA6A4FC1-6205-4304-8E93-810161BE8E68}.Debug|Any CPU.ActiveCfg = Debug|Any CPU
		{DA6A4FC1-6205-4304-8E93-810161BE8E68}.Debug|Any CPU.Build.0 = Debug|Any CPU
		{DA6A4FC1-6205-4304-8E93-810161BE8E68}.Release|Any CPU.ActiveCfg = Release|Any CPU
		{DA6A4FC1-6205-4304-8E93-810161BE8E68}.Release|Any CPU.Build.0 = Release|Any CPU
	EndGlobalSection
	GlobalSection(SolutionProperties) = preSolution
		HideSolutionNode = FALSE
	EndGlobalSection
	GlobalSection(ExtensibilityGlobals) = postSolution
		SolutionGuid = {9E84B6E8-4AA8-4691-A91E-4E5A09969720}
	EndGlobalSection
EndGlobal
