
Microsoft Visual Studio Solution File, Format Version 12.00
# Visual Studio Version 16
VisualStudioVersion = 16.0.30128.74
MinimumVisualStudioVersion = 10.0.40219.1
Project("{FAE04EC0-301F-11D3-BF4B-00C04F79EFBC}") = "Injectify.Abstractions", "Injectify.Abstractions\Injectify.Abstractions.csproj", "{087CA56A-7677-416F-90AF-2B539C0BC6EB}"
EndProject
Global
	GlobalSection(SolutionConfigurationPlatforms) = preSolution
		Debug|Any CPU = Debug|Any CPU
		Release|Any CPU = Release|Any CPU
	EndGlobalSection
	GlobalSection(ProjectConfigurationPlatforms) = postSolution
		{087CA56A-7677-416F-90AF-2B539C0BC6EB}.Debug|Any CPU.ActiveCfg = Debug|Any CPU
		{087CA56A-7677-416F-90AF-2B539C0BC6EB}.Debug|Any CPU.Build.0 = Debug|Any CPU
		{087CA56A-7677-416F-90AF-2B539C0BC6EB}.Release|Any CPU.ActiveCfg = Release|Any CPU
		{087CA56A-7677-416F-90AF-2B539C0BC6EB}.Release|Any CPU.Build.0 = Release|Any CPU
	EndGlobalSection
	GlobalSection(SolutionProperties) = preSolution
		HideSolutionNode = FALSE
	EndGlobalSection
	GlobalSection(ExtensibilityGlobals) = postSolution
		SolutionGuid = {92D461EC-897D-418C-AA4C-444BF665301A}
	EndGlobalSection
EndGlobal
